
Microsoft Visual Studio Solution File, Format Version 12.00
# Visual Studio Version 17
VisualStudioVersion = 17.10.34928.147
MinimumVisualStudioVersion = 10.0.40219.1
Project("{FAE04EC0-301F-11D3-BF4B-00C04F79EFBC}") = "Onatrix_local", "Onatrix_local\Onatrix_local.csproj", "{C4AE74C0-00BA-4E4A-8130-C8245466FF5A}"
EndProject
Global
	GlobalSection(SolutionConfigurationPlatforms) = preSolution
		Debug|Any CPU = Debug|Any CPU
		Release|Any CPU = Release|Any CPU
	EndGlobalSection
	GlobalSection(ProjectConfigurationPlatforms) = postSolution
		{C4AE74C0-00BA-4E4A-8130-C8245466FF5A}.Debug|Any CPU.ActiveCfg = Debug|Any CPU
		{C4AE74C0-00BA-4E4A-8130-C8245466FF5A}.Debug|Any CPU.Build.0 = Debug|Any CPU
		{C4AE74C0-00BA-4E4A-8130-C8245466FF5A}.Release|Any CPU.ActiveCfg = Release|Any CPU
		{C4AE74C0-00BA-4E4A-8130-C8245466FF5A}.Release|Any CPU.Build.0 = Release|Any CPU
	EndGlobalSection
	GlobalSection(SolutionProperties) = preSolution
		HideSolutionNode = FALSE
	EndGlobalSection
	GlobalSection(ExtensibilityGlobals) = postSolution
		SolutionGuid = {A3D20859-4941-484B-B84A-724CEBCE3F36}
	EndGlobalSection
EndGlobal
